{
  "nodes": {
    "custom-fonts": {
      "inputs": {
        "flake-parts": "flake-parts",
        "nixpkgs": "nixpkgs"
      },
      "locked": {
        "lastModified": 1784162860,
        "narHash": "sha256-MfFrT1kXdTD3UONAgq8FtzS+KgJwXNaYpwAVNnWaLEM=",
        "owner": "BlueskyFR",
        "repo": "fonts",
        "rev": "b4f17362eaab77267ac2a12c621dac5ad57a4c36",
        "type": "github"
      },
      "original": {
        "owner": "BlueskyFR",
        "repo": "fonts",
        "type": "github"
      }
    },
    "dank-qml-common": {
      "flake": false,
      "locked": {
        "lastModified": 1786649745,
        "narHash": "sha256-61G4G6nQqSV4DWNyZAYlZOLAY6+Ug+JQA1SaifacaSI=",
        "owner": "AvengeMedia",
        "repo": "dank-qml-common",
        "rev": "3373281fdba24e030ef47325f9db01494780a4a3",
        "type": "github"
      },
      "original": {
        "owner": "AvengeMedia",
        "repo": "dank-qml-common",
        "type": "github"
      }
    },
    "dms": {
      "inputs": {
        "dank-qml-common": "dank-qml-common",
        "flake-compat": "flake-compat",
        "nixpkgs": [
          "nixpkgs"
        ]
      },
      "locked": {
        "lastModified": 1786658377,
        "narHash": "sha256-6UnbGebny9/QpmJTa0i66A9d73UDozVQ3xUPOLv0BKk=",
        "owner": "AvengeMedia",
        "repo": "DankMaterialShell",
        "rev": "70d0dd8f1d353a44fe2d874576a5c19ce5de0b03",
        "type": "github"
      },
      "original": {
        "owner": "AvengeMedia",
        "repo": "DankMaterialShell",
        "type": "github"
      }
    },
    "easy-hosts": {
      "locked": {
        "lastModified": 1779046777,
        "narHash": "sha256-pwM/welCvrTZwJFGhDFfZBD2WtbW1rUk+NTBv91rlEA=",
        "owner": "tgirlcloud",
        "repo": "easy-hosts",
        "rev": "218aa628740073cbaf136a3c4cfcdc90a61dd84f",
        "type": "github"
      },
      "original": {
        "owner": "tgirlcloud",
        "repo": "easy-hosts",
        "type": "github"
      }
    },
    "flake-compat": {
      "flake": false,
      "locked": {
        "lastModified": 1767039857,
        "narHash": "sha256-vNpUSpF5Nuw8xvDLj2KCwwksIbjua2LZCqhV1LNRDns=",
        "owner": "NixOS",
        "repo": "flake-compat",
        "rev": "5edf11c44bc78a0d334f6334cdaf7d60d732daab",
        "type": "github"
      },
      "original": {
        "owner": "NixOS",
        "repo": "flake-compat",
        "type": "github"
      }
    },
    "flake-parts": {
      "inputs": {
        "nixpkgs-lib": "nixpkgs-lib"
      },
      "locked": {
        "lastModified": 1782949081,
        "narHash": "sha256-vp6Y/Grm98ESt6ceOkWiHWyZRDV3J1RID4w+6NWK9yA=",
        "owner": "hercules-ci",
        "repo": "flake-parts",
        "rev": "17c9d6cdfc60c64f4ee8d306f9bc0b4ccb51481e",
        "type": "github"
      },
      "original": {
        "owner": "hercules-ci",
        "repo": "flake-parts",
        "type": "github"
      }
    },
    "flake-parts_2": {
      "inputs": {
        "nixpkgs-lib": [
          "nixpkgs"
        ]
      },
      "locked": {
        "lastModified": 1785627969,
        "narHash": "sha256-4dtXQk/NMePegK/nWp5NSeuZKLATItOq61lpEvmXqGw=",
        "owner": "hercules-ci",
        "repo": "flake-parts",
        "rev": "427bf4bd9435fdf21321c8cc628c24efc14c0f7a",
        "type": "github"
      },
      "original": {
        "owner": "hercules-ci",
        "repo": "flake-parts",
        "type": "github"
      }
    },
    "flake-parts_3": {
      "inputs": {
        "nixpkgs-lib": "nixpkgs-lib_2"
      },
      "locked": {
        "lastModified": 1772408722,
        "narHash": "sha256-rHuJtdcOjK7rAHpHphUb1iCvgkU3GpfvicLMwwnfMT0=",
        "owner": "hercules-ci",
        "repo": "flake-parts",
        "rev": "f20dc5d9b8027381c474144ecabc9034d6a839a3",
        "type": "github"
      },
      "original": {
        "owner": "hercules-ci",
        "repo": "flake-parts",
        "type": "github"
      }
    },
    "home-manager": {
      "inputs": {
        "nixpkgs": [
          "nixpkgs"
        ]
      },
      "locked": {
        "lastModified": 1786656209,
        "narHash": "sha256-ybGtuwGKTUCefKYsplzvw4xcCqznto0c7BaiQhgILtA=",
        "owner": "nix-community",
        "repo": "home-manager",
        "rev": "c554d3441f725537854e877519f01cbd60680174",
        "type": "github"
      },
      "original": {
        "owner": "nix-community",
        "repo": "home-manager",
        "type": "github"
      }
    },
    "hyprgraphics": {
      "inputs": {
        "hyprutils": [
          "hyprlock",
          "hyprutils"
        ],
        "nixpkgs": [
          "hyprlock",
          "nixpkgs"
        ],
        "systems": [
          "hyprlock",
          "systems"
        ]
      },
      "locked": {
        "lastModified": 1786464367,
        "narHash": "sha256-k58p4wbzIXWyRWrW84pP8tD+iaZSSYiiM+fr0Auk4oU=",
        "owner": "hyprwm",
        "repo": "hyprgraphics",
        "rev": "7c895c44e3ca6d28ed68ddd80ec02b02b925e7fc",
        "type": "github"
      },
      "original": {
        "owner": "hyprwm",
        "repo": "hyprgraphics",
        "type": "github"
      }
    },
    "hyprlang": {
      "inputs": {
        "hyprutils": [
          "hyprlock",
          "hyprutils"
        ],
        "nixpkgs": [
          "hyprlock",
          "nixpkgs"
        ],
        "systems": [
          "hyprlock",
          "systems"
        ]
      },
      "locked": {
        "lastModified": 1786464129,
        "narHash": "sha256-339AkTlpMYSIvFuG0rnR+8Yg4/AZKeJalshJavlnKfg=",
        "owner": "hyprwm",
        "repo": "hyprlang",
        "rev": "9508458be316a0d70d37ebed1ab725ccd10411ff",
        "type": "github"
      },
      "original": {
        "owner": "hyprwm",
        "repo": "hyprlang",
        "type": "github"
      }
    },
    "hyprlock": {
      "inputs": {
        "hyprgraphics": "hyprgraphics",
        "hyprlang": "hyprlang",
        "hyprutils": "hyprutils",
        "hyprwayland-scanner": "hyprwayland-scanner",
        "nixpkgs": "nixpkgs_2",
        "systems": "systems"
      },
      "locked": {
        "lastModified": 1786465352,
        "narHash": "sha256-N0+NnYkgNmAEoSua6pgDJ5wrmrBYRCNh6cwgAQA/7ys=",
        "owner": "hyprwm",
        "repo": "hyprlock",
        "rev": "0332e40b8e56404f11cd79f859f208a4b9de8714",
        "type": "github"
      },
      "original": {
        "owner": "hyprwm",
        "repo": "hyprlock",
        "type": "github"
      }
    },
    "hyprutils": {
      "inputs": {
        "nixpkgs": [
          "hyprlock",
          "nixpkgs"
        ],
        "systems": [
          "hyprlock",
          "systems"
        ]
      },
      "locked": {
        "lastModified": 1786464080,
        "narHash": "sha256-W1hxvumEM57yV+QwsZ4QdAHEqOkr7e4S8VAkLX60qDE=",
        "owner": "hyprwm",
        "repo": "hyprutils",
        "rev": "c157fe1e3092b980cc69315a6631f89aff09dcce",
        "type": "github"
      },
      "original": {
        "owner": "hyprwm",
        "repo": "hyprutils",
        "type": "github"
      }
    },
    "hyprwayland-scanner": {
      "inputs": {
        "nixpkgs": [
          "hyprlock",
          "nixpkgs"
        ],
        "systems": [
          "hyprlock",
          "systems"
        ]
      },
      "locked": {
        "lastModified": 1786464033,
        "narHash": "sha256-QM8Qe4/L8lpdVN4bgwahmi+jyyc4fisseDMe4afcDxA=",
        "owner": "hyprwm",
        "repo": "hyprwayland-scanner",
        "rev": "62e62c1ca23da17612c6890d4ad2064f575643db",
        "type": "github"
      },
      "original": {
        "owner": "hyprwm",
        "repo": "hyprwayland-scanner",
        "type": "github"
      }
    },
    "nix-index-database": {
      "inputs": {
        "nixpkgs": [
          "nixpkgs"
        ]
      },
      "locked": {
        "lastModified": 1786249295,
        "narHash": "sha256-Y2mSr+HLKYoOsjiackgilxkHXe8gkJ3z4hFFekjQX3I=",
        "owner": "nix-community",
        "repo": "nix-index-database",
        "rev": "14d55b8069119e3b88da7aa2f6c97f86a2cd3cd6",
        "type": "github"
      },
      "original": {
        "owner": "nix-community",
        "repo": "nix-index-database",
        "type": "github"
      }
    },
    "nixpkgs": {
      "locked": {
        "lastModified": 1784007870,
        "narHash": "sha256-djcLt/JJphyNt4eDY9XTly+/WbCK5lqWq9lSgCmJkkQ=",
        "owner": "NixOS",
        "repo": "nixpkgs",
        "rev": "18b9261cb3294b6d2a06d03f96872827b8fe2698",
        "type": "github"
      },
      "original": {
        "owner": "NixOS",
        "ref": "nixos-unstable",
        "repo": "nixpkgs",
        "type": "github"
      }
    },
    "nixpkgs-lib": {
      "locked": {
        "lastModified": 1782614948,
        "narHash": "sha256-ePjCwr1sNm9NYUqywL7QfK3JnlS015msC+eBu2zKlp8=",
        "owner": "nix-community",
        "repo": "nixpkgs.lib",
        "rev": "db3f255737b94216eb71cce308e2912cf6bc2d7c",
        "type": "github"
      },
      "original": {
        "owner": "nix-community",
        "repo": "nixpkgs.lib",
        "type": "github"
      }
    },
    "nixpkgs-lib_2": {
      "locked": {
        "lastModified": 1772328832,
        "narHash": "sha256-e+/T/pmEkLP6BHhYjx6GmwP5ivonQQn0bJdH9YrRB+Q=",
        "owner": "nix-community",
        "repo": "nixpkgs.lib",
        "rev": "c185c7a5e5dd8f9add5b2f8ebeff00888b070742",
        "type": "github"
      },
      "original": {
        "owner": "nix-community",
        "repo": "nixpkgs.lib",
        "type": "github"
      }
    },
    "nixpkgs-stable": {
      "locked": {
        "lastModified": 1786535285,
        "narHash": "sha256-rG5HKMAgAhMgydvKGtco6rqTxRq4EDZQCx9USLvVqYw=",
        "owner": "nixos",
        "repo": "nixpkgs",
        "rev": "9f78f44a87948854445dae0b6bf82b2e87e4efb5",
        "type": "github"
      },
      "original": {
        "owner": "nixos",
        "ref": "nixos-26.05",
        "repo": "nixpkgs",
        "type": "github"
      }
    },
    "nixpkgs_2": {
      "locked": {
        "lastModified": 1786247143,
        "narHash": "sha256-8S3Kcxs7D4UtxJxSJZz0m14CGhuW0MxfrIwJxeGWGnQ=",
        "owner": "NixOS",
        "repo": "nixpkgs",
        "rev": "279b4a8275f032c566576b3f181fa0f27197f588",
        "type": "github"
      },
      "original": {
        "owner": "NixOS",
        "ref": "nixos-unstable",
        "repo": "nixpkgs",
        "type": "github"
      }
    },
    "nixpkgs_3": {
      "locked": {
        "lastModified": 1786599213,
        "narHash": "sha256-yNJd40f11EzXBjSByCB7IPpeFFAdeoSKKM67dGkfFoU=",
        "owner": "nixos",
        "repo": "nixpkgs",
        "rev": "0e251e24a4f24e036a084b6b4b2d2491af4167f4",
        "type": "github"
      },
      "original": {
        "owner": "nixos",
        "ref": "nixos-unstable",
        "repo": "nixpkgs",
        "type": "github"
      }
    },
    "root": {
      "inputs": {
        "custom-fonts": "custom-fonts",
        "dms": "dms",
        "easy-hosts": "easy-hosts",
        "flake-parts": "flake-parts_2",
        "home-manager": "home-manager",
        "hyprlock": "hyprlock",
        "nix-index-database": "nix-index-database",
        "nixpkgs": "nixpkgs_3",
        "nixpkgs-stable": "nixpkgs-stable",
        "vscode-server": "vscode-server"
      }
    },
    "systems": {
      "locked": {
        "lastModified": 1689347949,
        "narHash": "sha256-12tWmuL2zgBgZkdoB6qXZsgJEH9LR3oUgpaQq2RbI80=",
        "owner": "nix-systems",
        "repo": "default-linux",
        "rev": "31732fcf5e8fea42e59c2488ad31a0e651500f68",
        "type": "github"
      },
      "original": {
        "owner": "nix-systems",
        "repo": "default-linux",
        "type": "github"
      }
    },
    "vscode-server": {
      "inputs": {
        "flake-parts": "flake-parts_3"
      },
      "locked": {
        "lastModified": 1774621912,
        "narHash": "sha256-2uHCSUw341o3my1R0U0YCfbnMEazylxb58evWsjGL50=",
        "owner": "nix-community",
        "repo": "nixos-vscode-server",
        "rev": "79ada60decf3ff4bee4968f8b1136cb1846827a8",
        "type": "github"
      },
      "original": {
        "owner": "nix-community",
        "repo": "nixos-vscode-server",
        "rev": "79ada60decf3ff4bee4968f8b1136cb1846827a8",
        "type": "github"
      }
    }
  },
  "root": "root",
  "version": 7
}
